
Microsoft Visual Studio Solution File, Format Version 12.00
# Visual Studio Version 16
VisualStudioVersion = 16.0.30907.101
MinimumVisualStudioVersion = 10.0.40219.1
Project("{9A19103F-16F7-4668-BE54-9A1E7A4F7556}") = "WebAPIClientDotnetRepo", "WebAPIClientDotnetRepo\WebAPIClientDotnetRepo.csproj", "{7221D59D-E2F7-4A29-A6A1-007FFDD82A18}"
EndProject
Project("{9A19103F-16F7-4668-BE54-9A1E7A4F7556}") = "WebAPIClientTmdb", "WebAPIClientTmdb\WebAPIClientTmdb.csproj", "{E8ABD787-D18F-411F-9580-A50BB5E00EE9}"
EndProject
Project("{9A19103F-16F7-4668-BE54-9A1E7A4F7556}") = "Domain", "Domain\Domain.csproj", "{0EB2C2CE-8BFD-4774-8565-3093634A185C}"
EndProject
Project("{FAE04EC0-301F-11D3-BF4B-00C04F79EFBC}") = "WebAPIWeatherForecast", "WebAPIWeatherForecast\WebAPIWeatherForecast.csproj", "{F315ABF2-3003-42E5-8C32-EB718AFD295E}"
EndProject
Global
	GlobalSection(SolutionConfigurationPlatforms) = preSolution
		Debug|Any CPU = Debug|Any CPU
		Release|Any CPU = Release|Any CPU
	EndGlobalSection
	GlobalSection(ProjectConfigurationPlatforms) = postSolution
		{7221D59D-E2F7-4A29-A6A1-007FFDD82A18}.Debug|Any CPU.ActiveCfg = Debug|Any CPU
		{7221D59D-E2F7-4A29-A6A1-007FFDD82A18}.Debug|Any CPU.Build.0 = Debug|Any CPU
		{7221D59D-E2F7-4A29-A6A1-007FFDD82A18}.Release|Any CPU.ActiveCfg = Release|Any CPU
		{7221D59D-E2F7-4A29-A6A1-007FFDD82A18}.Release|Any CPU.Build.0 = Release|Any CPU
		{E8ABD787-D18F-411F-9580-A50BB5E00EE9}.Debug|Any CPU.ActiveCfg = Debug|Any CPU
		{E8ABD787-D18F-411F-9580-A50BB5E00EE9}.Debug|Any CPU.Build.0 = Debug|Any CPU
		{E8ABD787-D18F-411F-9580-A50BB5E00EE9}.Release|Any CPU.ActiveCfg = Release|Any CPU
		{E8ABD787-D18F-411F-9580-A50BB5E00EE9}.Release|Any CPU.Build.0 = Release|Any CPU
		{0EB2C2CE-8BFD-4774-8565-3093634A185C}.Debug|Any CPU.ActiveCfg = Debug|Any CPU
		{0EB2C2CE-8BFD-4774-8565-3093634A185C}.Debug|Any CPU.Build.0 = Debug|Any CPU
		{0EB2C2CE-8BFD-4774-8565-3093634A185C}.Release|Any CPU.ActiveCfg = Release|Any CPU
		{0EB2C2CE-8BFD-4774-8565-3093634A185C}.Release|Any CPU.Build.0 = Release|Any CPU
		{F315ABF2-3003-42E5-8C32-EB718AFD295E}.Debug|Any CPU.ActiveCfg = Debug|Any CPU
		{F315ABF2-3003-42E5-8C32-EB718AFD295E}.Debug|Any CPU.Build.0 = Debug|Any CPU
		{F315ABF2-3003-42E5-8C32-EB718AFD295E}.Release|Any CPU.ActiveCfg = Release|Any CPU
		{F315ABF2-3003-42E5-8C32-EB718AFD295E}.Release|Any CPU.Build.0 = Release|Any CPU
	EndGlobalSection
	GlobalSection(SolutionProperties) = preSolution
		HideSolutionNode = FALSE
	EndGlobalSection
	GlobalSection(ExtensibilityGlobals) = postSolution
		SolutionGuid = {0C71FF58-3DB5-4448-98B7-122BEDD69CB8}
	EndGlobalSection
EndGlobal
